
Microsoft Visual Studio Solution File, Format Version 12.00
# Visual Studio Version 17
VisualStudioVersion = 17.4.33213.308
MinimumVisualStudioVersion = 10.0.40219.1
Project("{FAE04EC0-301F-11D3-BF4B-00C04F79EFBC}") = "ClassMetotDemo", "ClassMetotDemo\ClassMetotDemo.csproj", "{6166F034-D792-4BBF-9B6A-EFD4AD035EEF}"
EndProject
Global
	GlobalSection(SolutionConfigurationPlatforms) = preSolution
		Debug|Any CPU = Debug|Any CPU
		Release|Any CPU = Release|Any CPU
	EndGlobalSection
	GlobalSection(ProjectConfigurationPlatforms) = postSolution
		{6166F034-D792-4BBF-9B6A-EFD4AD035EEF}.Debug|Any CPU.ActiveCfg = Debug|Any CPU
		{6166F034-D792-4BBF-9B6A-EFD4AD035EEF}.Debug|Any CPU.Build.0 = Debug|Any CPU
		{6166F034-D792-4BBF-9B6A-EFD4AD035EEF}.Release|Any CPU.ActiveCfg = Release|Any CPU
		{6166F034-D792-4BBF-9B6A-EFD4AD035EEF}.Release|Any CPU.Build.0 = Release|Any CPU
	EndGlobalSection
	GlobalSection(SolutionProperties) = preSolution
		HideSolutionNode = FALSE
	EndGlobalSection
	GlobalSection(ExtensibilityGlobals) = postSolution
		SolutionGuid = {C38852F9-828D-481F-B552-0DF3E56F53D9}
	EndGlobalSection
EndGlobal
